
Microsoft Visual Studio Solution File, Format Version 12.00
# Visual Studio Version 16
VisualStudioVersion = 16.0.30011.22
MinimumVisualStudioVersion = 10.0.40219.1
Project("{9A19103F-16F7-4668-BE54-9A1E7A4F7556}") = "Demo.Web", "Demo.Web\Demo.Web.csproj", "{070392D3-0A90-4142-967E-7561A01289CB}"
EndProject
Project("{FAE04EC0-301F-11D3-BF4B-00C04F79EFBC}") = "Demo.Repository", "Demo.Repository\Demo.Repository.csproj", "{83406F44-4F05-4F97-A093-03DD5C2E1813}"
EndProject
Project("{FAE04EC0-301F-11D3-BF4B-00C04F79EFBC}") = "Demo.DB", "Demo.DB\Demo.DB.csproj", "{47168B9C-71AA-4DE2-A321-EA9AE503C0CB}"
EndProject
Global
	GlobalSection(SolutionConfigurationPlatforms) = preSolution
		Debug|Any CPU = Debug|Any CPU
		Release|Any CPU = Release|Any CPU
	EndGlobalSection
	GlobalSection(ProjectConfigurationPlatforms) = postSolution
		{070392D3-0A90-4142-967E-7561A01289CB}.Debug|Any CPU.ActiveCfg = Debug|Any CPU
		{070392D3-0A90-4142-967E-7561A01289CB}.Debug|Any CPU.Build.0 = Debug|Any CPU
		{070392D3-0A90-4142-967E-7561A01289CB}.Release|Any CPU.ActiveCfg = Release|Any CPU
		{070392D3-0A90-4142-967E-7561A01289CB}.Release|Any CPU.Build.0 = Release|Any CPU
		{83406F44-4F05-4F97-A093-03DD5C2E1813}.Debug|Any CPU.ActiveCfg = Debug|Any CPU
		{83406F44-4F05-4F97-A093-03DD5C2E1813}.Debug|Any CPU.Build.0 = Debug|Any CPU
		{83406F44-4F05-4F97-A093-03DD5C2E1813}.Release|Any CPU.ActiveCfg = Release|Any CPU
		{83406F44-4F05-4F97-A093-03DD5C2E1813}.Release|Any CPU.Build.0 = Release|Any CPU
		{47168B9C-71AA-4DE2-A321-EA9AE503C0CB}.Debug|Any CPU.ActiveCfg = Debug|Any CPU
		{47168B9C-71AA-4DE2-A321-EA9AE503C0CB}.Debug|Any CPU.Build.0 = Debug|Any CPU
		{47168B9C-71AA-4DE2-A321-EA9AE503C0CB}.Release|Any CPU.ActiveCfg = Release|Any CPU
		{47168B9C-71AA-4DE2-A321-EA9AE503C0CB}.Release|Any CPU.Build.0 = Release|Any CPU
	EndGlobalSection
	GlobalSection(SolutionProperties) = preSolution
		HideSolutionNode = FALSE
	EndGlobalSection
	GlobalSection(ExtensibilityGlobals) = postSolution
		SolutionGuid = {395C0E34-F974-4543-B6D5-87BCAD0B0CE6}
	EndGlobalSection
EndGlobal
